# restrict the web app for a certain 
apiVersion: litmuschaos.io/v1alpha1
kind: ChaosEngine
metadata:
  name: engine-nginx
spec:
  engineState: "active"
  annotationCheck: "false"
  chaosServiceAccount: litmus-admin
  experiments:
  - name: azure-web-access-restrict
    spec:
      components:
        env:
        # provide the value of ip address/CIRD range
        - name: IP_ADDRESS_BLOCK
          value: '0.0.0.0/0'
        # name of the resource group
        - name: RESOURCE_GROUP
          value: 'chaos-rg'
        - name: TOTAL_CHAOS_DURATION
          VALUE: '60'